
Microsoft Visual Studio Solution File, Format Version 12.00
# Visual Studio Version 16
VisualStudioVersion = 16.0.31515.178
MinimumVisualStudioVersion = 10.0.40219.1
Project("{FAE04EC0-301F-11D3-BF4B-00C04F79EFBC}") = "Task1_less_4", "Task1_less_4\Task1_less_4.csproj", "{D73B5A58-7CC0-4BA3-AC1C-0B9D54C518A6}"
EndProject
Project("{FAE04EC0-301F-11D3-BF4B-00C04F79EFBC}") = "Task2_less_4", "Task2_less_4\Task2_less_4.csproj", "{EE037548-44A0-435E-8A59-2B2C0D223E1E}"
EndProject
Global
	GlobalSection(SolutionConfigurationPlatforms) = preSolution
		Debug|Any CPU = Debug|Any CPU
		Release|Any CPU = Release|Any CPU
	EndGlobalSection
	GlobalSection(ProjectConfigurationPlatforms) = postSolution
		{D73B5A58-7CC0-4BA3-AC1C-0B9D54C518A6}.Debug|Any CPU.ActiveCfg = Debug|Any CPU
		{D73B5A58-7CC0-4BA3-AC1C-0B9D54C518A6}.Debug|Any CPU.Build.0 = Debug|Any CPU
		{D73B5A58-7CC0-4BA3-AC1C-0B9D54C518A6}.Release|Any CPU.ActiveCfg = Release|Any CPU
		{D73B5A58-7CC0-4BA3-AC1C-0B9D54C518A6}.Release|Any CPU.Build.0 = Release|Any CPU
		{EE037548-44A0-435E-8A59-2B2C0D223E1E}.Debug|Any CPU.ActiveCfg = Debug|Any CPU
		{EE037548-44A0-435E-8A59-2B2C0D223E1E}.Debug|Any CPU.Build.0 = Debug|Any CPU
		{EE037548-44A0-435E-8A59-2B2C0D223E1E}.Release|Any CPU.ActiveCfg = Release|Any CPU
		{EE037548-44A0-435E-8A59-2B2C0D223E1E}.Release|Any CPU.Build.0 = Release|Any CPU
	EndGlobalSection
	GlobalSection(SolutionProperties) = preSolution
		HideSolutionNode = FALSE
	EndGlobalSection
	GlobalSection(ExtensibilityGlobals) = postSolution
		SolutionGuid = {394D7CAE-CC92-41E5-9F4B-1FD0E401E7E0}
	EndGlobalSection
EndGlobal
